
Microsoft Visual Studio Solution File, Format Version 12.00
# Visual Studio Version 17
VisualStudioVersion = 17.9.34728.123
MinimumVisualStudioVersion = 10.0.40219.1
Project("{9A19103F-16F7-4668-BE54-9A1E7A4F7556}") = "Gateway", "Gateway\Gateway.csproj", "{FAEDE1E5-0550-4ABD-B397-4FA639F85DAE}"
EndProject
Project("{9A19103F-16F7-4668-BE54-9A1E7A4F7556}") = "Web", "Web\Web.csproj", "{6F49A806-0309-4E4F-B171-87B53B3DE7B0}"
EndProject
Global
	GlobalSection(SolutionConfigurationPlatforms) = preSolution
		Debug|Any CPU = Debug|Any CPU
		Release|Any CPU = Release|Any CPU
	EndGlobalSection
	GlobalSection(ProjectConfigurationPlatforms) = postSolution
		{FAEDE1E5-0550-4ABD-B397-4FA639F85DAE}.Debug|Any CPU.ActiveCfg = Debug|Any CPU
		{FAEDE1E5-0550-4ABD-B397-4FA639F85DAE}.Debug|Any CPU.Build.0 = Debug|Any CPU
		{FAEDE1E5-0550-4ABD-B397-4FA639F85DAE}.Release|Any CPU.ActiveCfg = Release|Any CPU
		{FAEDE1E5-0550-4ABD-B397-4FA639F85DAE}.Release|Any CPU.Build.0 = Release|Any CPU
		{6F49A806-0309-4E4F-B171-87B53B3DE7B0}.Debug|Any CPU.ActiveCfg = Debug|Any CPU
		{6F49A806-0309-4E4F-B171-87B53B3DE7B0}.Debug|Any CPU.Build.0 = Debug|Any CPU
		{6F49A806-0309-4E4F-B171-87B53B3DE7B0}.Release|Any CPU.ActiveCfg = Release|Any CPU
		{6F49A806-0309-4E4F-B171-87B53B3DE7B0}.Release|Any CPU.Build.0 = Release|Any CPU
	EndGlobalSection
	GlobalSection(SolutionProperties) = preSolution
		HideSolutionNode = FALSE
	EndGlobalSection
	GlobalSection(ExtensibilityGlobals) = postSolution
		SolutionGuid = {3816402D-F21A-48FA-AD7E-53F2F6AF1667}
	EndGlobalSection
EndGlobal
